// !$*UTF8*$!
{
	archiveVersion = 1;
	classes = {
	};
	objectVersion = 51;
	objects = {

/* Begin PBXBuildFile section */
		26C2BADE7C2567FBD445F6E4 /* Pods_screen_threeUITests.framework in Frameworks */ = {isa = PBXBuildFile; fileRef = D6D7BF01910825280EC4DEBF /* Pods_screen_threeUITests.framework */; };
		2915B8C523546D25003C91A1 /* SideMenuViewController.swift in Sources */ = {isa = PBXBuildFile; fileRef = 2915B8C423546D25003C91A1 /* SideMenuViewController.swift */; };
		2936BA37233B089E00879AB4 /* PieChartViewController.swift in Sources */ = {isa = PBXBuildFile; fileRef = 2936BA36233B089E00879AB4 /* PieChartViewController.swift */; };
		29A02C07232F3060002A5604 /* AppDelegate.swift in Sources */ = {isa = PBXBuildFile; fileRef = 29A02C06232F3060002A5604 /* AppDelegate.swift */; };
		29A02C0C232F3060002A5604 /* Main.storyboard in Resources */ = {isa = PBXBuildFile; fileRef = 29A02C0A232F3060002A5604 /* Main.storyboard */; };
		29A02C0E232F3062002A5604 /* Assets.xcassets in Resources */ = {isa = PBXBuildFile; fileRef = 29A02C0D232F3062002A5604 /* Assets.xcassets */; };
		29A02C11232F3062002A5604 /* LaunchScreen.storyboard in Resources */ = {isa = PBXBuildFile; fileRef = 29A02C0F232F3062002A5604 /* LaunchScreen.storyboard */; };
		29A02C1C232F3062002A5604 /* screen_threeTests.swift in Sources */ = {isa = PBXBuildFile; fileRef = 29A02C1B232F3062002A5604 /* screen_threeTests.swift */; };
		29A02C27232F3062002A5604 /* screen_threeUITests.swift in Sources */ = {isa = PBXBuildFile; fileRef = 29A02C26232F3062002A5604 /* screen_threeUITests.swift */; };
		29A02C37232F3A86002A5604 /* ChartTableViewController.swift in Sources */ = {isa = PBXBuildFile; fileRef = 29A02C36232F3A86002A5604 /* ChartTableViewController.swift */; };
		29A02C39232F3BDA002A5604 /* ChartTableViewCell.swift in Sources */ = {isa = PBXBuildFile; fileRef = 29A02C38232F3BDA002A5604 /* ChartTableViewCell.swift */; };
		29A02C3B232F6170002A5604 /* Signal.swift in Sources */ = {isa = PBXBuildFile; fileRef = 29A02C3A232F6170002A5604 /* Signal.swift */; };
		29B49B6923346FDC00AACEFC /* MLViewController.swift in Sources */ = {isa = PBXBuildFile; fileRef = 29B49B6823346FDC00AACEFC /* MLViewController.swift */; };
		29FDF2ED233B01870054D359 /* Spark.swift in Sources */ = {isa = PBXBuildFile; fileRef = 29FDF2EC233B01870054D359 /* Spark.swift */; };
		309200B1CE3A1FBA6149EDAB /* Pods_screen_three.framework in Frameworks */ = {isa = PBXBuildFile; fileRef = 8F311E41B5A8274D3A3196C1 /* Pods_screen_three.framework */; };
		3FE333DDCA8DFFC9C25EBF74 /* Pods_screen_threeTests.framework in Frameworks */ = {isa = PBXBuildFile; fileRef = 29CAC3E1920C2CC989ABE7EB /* Pods_screen_threeTests.framework */; };
/* End PBXBuildFile section */

/* Begin PBXContainerItemProxy section */
		29A02C18232F3062002A5604 /* PBXContainerItemProxy */ = {
			isa = PBXContainerItemProxy;
			containerPortal = 29A02BFB232F3060002A5604 /* Project object */;
			proxyType = 1;
			remoteGlobalIDString = 29A02C02232F3060002A5604;
			remoteInfo = screen_three;
		};
		29A02C23232F3062002A5604 /* PBXContainerItemProxy */ = {
			isa = PBXContainerItemProxy;
			containerPortal = 29A02BFB232F3060002A5604 /* Project object */;
			proxyType = 1;
			remoteGlobalIDString = 29A02C02232F3060002A5604;
			remoteInfo = screen_three;
		};
/* End PBXContainerItemProxy section */

/* Begin PBXFileReference section */
		00B3D4781D8B02E7DEB95BF6 /* Pods-screen_three.release.xcconfig */ = {isa = PBXFileReference; includeInIndex = 1; lastKnownFileType = text.xcconfig; name = "Pods-screen_three.release.xcconfig"; path = "Target Support Files/Pods-screen_three/Pods-screen_three.release.xcconfig"; sourceTree = "<group>"; };
		2915B8C423546D25003C91A1 /* SideMenuViewController.swift */ = {isa = PBXFileReference; lastKnownFileType = sourcecode.swift; path = SideMenuViewController.swift; sourceTree = "<group>"; };
		2936BA36233B089E00879AB4 /* PieChartViewController.swift */ = {isa = PBXFileReference; lastKnownFileType = sourcecode.swift; path = PieChartViewController.swift; sourceTree = "<group>"; };
		29A02C03232F3060002A5604 /* screen_three.app */ = {isa = PBXFileReference; explicitFileType = wrapper.application; includeInIndex = 0; path = screen_three.app; sourceTree = BUILT_PRODUCTS_DIR; };
		29A02C06232F3060002A5604 /* AppDelegate.swift */ = {isa = PBXFileReference; lastKnownFileType = sourcecode.swift; path = AppDelegate.swift; sourceTree = "<group>"; };
		29A02C0B232F3060002A5604 /* Base */ = {isa = PBXFileReference; lastKnownFileType = file.storyboard; name = Base; path = Base.lproj/Main.storyboard; sourceTree = "<group>"; };
		29A02C0D232F3062002A5604 /* Assets.xcassets */ = {isa = PBXFileReference; lastKnownFileType = folder.assetcatalog; path = Assets.xcassets; sourceTree = "<group>"; };
		29A02C10232F3062002A5604 /* Base */ = {isa = PBXFileReference; lastKnownFileType = file.storyboard; name = Base; path = Base.lproj/LaunchScreen.storyboard; sourceTree = "<group>"; };
		29A02C12232F3062002A5604 /* Info.plist */ = {isa = PBXFileReference; lastKnownFileType = text.plist.xml; path = Info.plist; sourceTree = "<group>"; };
		29A02C17232F3062002A5604 /* screen_threeTests.xctest */ = {isa = PBXFileReference; explicitFileType = wrapper.cfbundle; includeInIndex = 0; path = screen_threeTests.xctest; sourceTree = BUILT_PRODUCTS_DIR; };
		29A02C1B232F3062002A5604 /* screen_threeTests.swift */ = {isa = PBXFileReference; lastKnownFileType = sourcecode.swift; path = screen_threeTests.swift; sourceTree = "<group>"; };
		29A02C1D232F3062002A5604 /* Info.plist */ = {isa = PBXFileReference; lastKnownFileType = text.plist.xml; path = Info.plist; sourceTree = "<group>"; };
		29A02C22232F3062002A5604 /* screen_threeUITests.xctest */ = {isa = PBXFileReference; explicitFileType = wrapper.cfbundle; includeInIndex = 0; path = screen_threeUITests.xctest; sourceTree = BUILT_PRODUCTS_DIR; };
		29A02C26232F3062002A5604 /* screen_threeUITests.swift */ = {isa = PBXFileReference; lastKnownFileType = sourcecode.swift; path = screen_threeUITests.swift; sourceTree = "<group>"; };
		29A02C28232F3062002A5604 /* Info.plist */ = {isa = PBXFileReference; lastKnownFileType = text.plist.xml; path = Info.plist; sourceTree = "<group>"; };
		29A02C36232F3A86002A5604 /* ChartTableViewController.swift */ = {isa = PBXFileReference; lastKnownFileType = sourcecode.swift; path = ChartTableViewController.swift; sourceTree = "<group>"; };
		29A02C38232F3BDA002A5604 /* ChartTableViewCell.swift */ = {isa = PBXFileReference; lastKnownFileType = sourcecode.swift; path = ChartTableViewCell.swift; sourceTree = "<group>"; };
		29A02C3A232F6170002A5604 /* Signal.swift */ = {isa = PBXFileReference; lastKnownFileType = sourcecode.swift; path = Signal.swift; sourceTree = "<group>"; };
		29B49B6823346FDC00AACEFC /* MLViewController.swift */ = {isa = PBXFileReference; lastKnownFileType = sourcecode.swift; path = MLViewController.swift; sourceTree = "<group>"; };
		29CAC3E1920C2CC989ABE7EB /* Pods_screen_threeTests.framework */ = {isa = PBXFileReference; explicitFileType = wrapper.framework; includeInIndex = 0; path = Pods_screen_threeTests.framework; sourceTree = BUILT_PRODUCTS_DIR; };
		29FDF2EC233B01870054D359 /* Spark.swift */ = {isa = PBXFileReference; lastKnownFileType = sourcecode.swift; path = Spark.swift; sourceTree = "<group>"; };
		325DBF8A8D82E5DA1E4179A0 /* Pods-screen_three.debug.xcconfig */ = {isa = PBXFileReference; includeInIndex = 1; lastKnownFileType = text.xcconfig; name = "Pods-screen_three.debug.xcconfig"; path = "Target Support Files/Pods-screen_three/Pods-screen_three.debug.xcconfig"; sourceTree = "<group>"; };
		37F765ED8A620186C5A7A35E /* Pods-screen_threeTests.debug.xcconfig */ = {isa = PBXFileReference; includeInIndex = 1; lastKnownFileType = text.xcconfig; name = "Pods-screen_threeTests.debug.xcconfig"; path = "Target Support Files/Pods-screen_threeTests/Pods-screen_threeTests.debug.xcconfig"; sourceTree = "<group>"; };
		41690B643402969CA08DC450 /* Pods-screen_threeUITests.release.xcconfig */ = {isa = PBXFileReference; includeInIndex = 1; lastKnownFileType = text.xcconfig; name = "Pods-screen_threeUITests.release.xcconfig"; path = "Target Support Files/Pods-screen_threeUITests/Pods-screen_threeUITests.release.xcconfig"; sourceTree = "<group>"; };
		80A829E635B7DBC0E3B5C603 /* Pods-screen_threeUITests.debug.xcconfig */ = {isa = PBXFileReference; includeInIndex = 1; lastKnownFileType = text.xcconfig; name = "Pods-screen_threeUITests.debug.xcconfig"; path = "Target Support Files/Pods-screen_threeUITests/Pods-screen_threeUITests.debug.xcconfig"; sourceTree = "<group>"; };
		8F311E41B5A8274D3A3196C1 /* Pods_screen_three.framework */ = {isa = PBXFileReference; explicitFileType = wrapper.framework; includeInIndex = 0; path = Pods_screen_three.framework; sourceTree = BUILT_PRODUCTS_DIR; };
		B52054E766655DF0804DA0B5 /* Pods-screen_threeTests.release.xcconfig */ = {isa = PBXFileReference; includeInIndex = 1; lastKnownFileType = text.xcconfig; name = "Pods-screen_threeTests.release.xcconfig"; path = "Target Support Files/Pods-screen_threeTests/Pods-screen_threeTests.release.xcconfig"; sourceTree = "<group>"; };
		D6D7BF01910825280EC4DEBF /* Pods_screen_threeUITests.framework */ = {isa = PBXFileReference; explicitFileType = wrapper.framework; includeInIndex = 0; path = Pods_screen_threeUITests.framework; sourceTree = BUILT_PRODUCTS_DIR; };
/* End PBXFileReference section */

/* Begin PBXFrameworksBuildPhase section */
		29A02C00232F3060002A5604 /* Frameworks */ = {
			isa = PBXFrameworksBuildPhase;
			buildActionMask = 2147483647;
			files = (
				309200B1CE3A1FBA6149EDAB /* Pods_screen_three.framework in Frameworks */,
			);
			runOnlyForDeploymentPostprocessing = 0;
		};
		29A02C14232F3062002A5604 /* Frameworks */ = {
			isa = PBXFrameworksBuildPhase;
			buildActionMask = 2147483647;
			files = (
				3FE333DDCA8DFFC9C25EBF74 /* Pods_screen_threeTests.framework in Frameworks */,
			);
			runOnlyForDeploymentPostprocessing = 0;
		};
		29A02C1F232F3062002A5604 /* Frameworks */ = {
			isa = PBXFrameworksBuildPhase;
			buildActionMask = 2147483647;
			files = (
				26C2BADE7C2567FBD445F6E4 /* Pods_screen_threeUITests.framework in Frameworks */,
			);
			runOnlyForDeploymentPostprocessing = 0;
		};
/* End PBXFrameworksBuildPhase section */

/* Begin PBXGroup section */
		29A02BFA232F3060002A5604 = {
			isa = PBXGroup;
			children = (
				29A02C05232F3060002A5604 /* screen_three */,
				29A02C1A232F3062002A5604 /* screen_threeTests */,
				29A02C25232F3062002A5604 /* screen_threeUITests */,
				29A02C04232F3060002A5604 /* Products */,
				7F034D625A4AA6630A1B1325 /* Pods */,
				6F4ADFCD32D104CDE492D304 /* Frameworks */,
			);
			sourceTree = "<group>";
		};
		29A02C04232F3060002A5604 /* Products */ = {
			isa = PBXGroup;
			children = (
				29A02C03232F3060002A5604 /* screen_three.app */,
				29A02C17232F3062002A5604 /* screen_threeTests.xctest */,
				29A02C22232F3062002A5604 /* screen_threeUITests.xctest */,
			);
			name = Products;
			sourceTree = "<group>";
		};
		29A02C05232F3060002A5604 /* screen_three */ = {
			isa = PBXGroup;
			children = (
				2936BA36233B089E00879AB4 /* PieChartViewController.swift */,
				2915B8C423546D25003C91A1 /* SideMenuViewController.swift */,
				29A02C36232F3A86002A5604 /* ChartTableViewController.swift */,
				29A02C3A232F6170002A5604 /* Signal.swift */,
				29A02C06232F3060002A5604 /* AppDelegate.swift */,
				29A02C0A232F3060002A5604 /* Main.storyboard */,
				29FDF2EC233B01870054D359 /* Spark.swift */,
				29B49B6823346FDC00AACEFC /* MLViewController.swift */,
				29A02C38232F3BDA002A5604 /* ChartTableViewCell.swift */,
				29A02C0D232F3062002A5604 /* Assets.xcassets */,
				29A02C0F232F3062002A5604 /* LaunchScreen.storyboard */,
				29A02C12232F3062002A5604 /* Info.plist */,
			);
			path = screen_three;
			sourceTree = "<group>";
		};
		29A02C1A232F3062002A5604 /* screen_threeTests */ = {
			isa = PBXGroup;
			children = (
				29A02C1B232F3062002A5604 /* screen_threeTests.swift */,
				29A02C1D232F3062002A5604 /* Info.plist */,
			);
			path = screen_threeTests;
			sourceTree = "<group>";
		};
		29A02C25232F3062002A5604 /* screen_threeUITests */ = {
			isa = PBXGroup;
			children = (
				29A02C26232F3062002A5604 /* screen_threeUITests.swift */,
				29A02C28232F3062002A5604 /* Info.plist */,
			);
			path = screen_threeUITests;
			sourceTree = "<group>";
		};
		6F4ADFCD32D104CDE492D304 /* Frameworks */ = {
			isa = PBXGroup;
			children = (
				8F311E41B5A8274D3A3196C1 /* Pods_screen_three.framework */,
				29CAC3E1920C2CC989ABE7EB /* Pods_screen_threeTests.framework */,
				D6D7BF01910825280EC4DEBF /* Pods_screen_threeUITests.framework */,
			);
			name = Frameworks;
			sourceTree = "<group>";
		};
		7F034D625A4AA6630A1B1325 /* Pods */ = {
			isa = PBXGroup;
			children = (
				325DBF8A8D82E5DA1E4179A0 /* Pods-screen_three.debug.xcconfig */,
				00B3D4781D8B02E7DEB95BF6 /* Pods-screen_three.release.xcconfig */,
				37F765ED8A620186C5A7A35E /* Pods-screen_threeTests.debug.xcconfig */,
				B52054E766655DF0804DA0B5 /* Pods-screen_threeTests.release.xcconfig */,
				80A829E635B7DBC0E3B5C603 /* Pods-screen_threeUITests.debug.xcconfig */,
				41690B643402969CA08DC450 /* Pods-screen_threeUITests.release.xcconfig */,
			);
			path = Pods;
			sourceTree = "<group>";
		};
/* End PBXGroup section */

/* Begin PBXNativeTarget section */
		29A02C02232F3060002A5604 /* screen_three */ = {
			isa = PBXNativeTarget;
			buildConfigurationList = 29A02C2B232F3062002A5604 /* Build configuration list for PBXNativeTarget "screen_three" */;
			buildPhases = (
				95582438EA836128D384AC38 /* [CP] Check Pods Manifest.lock */,
				29A02BFF232F3060002A5604 /* Sources */,
				29A02C00232F3060002A5604 /* Frameworks */,
				29A02C01232F3060002A5604 /* Resources */,
				650545046FB3619D7304AD41 /* [CP] Embed Pods Frameworks */,
			);
			buildRules = (
			);
			dependencies = (
			);
			name = screen_three;
			productName = screen_three;
			productReference = 29A02C03232F3060002A5604 /* screen_three.app */;
			productType = "com.apple.product-type.application";
		};
		29A02C16232F3062002A5604 /* screen_threeTests */ = {
			isa = PBXNativeTarget;
			buildConfigurationList = 29A02C2E232F3062002A5604 /* Build configuration list for PBXNativeTarget "screen_threeTests" */;
			buildPhases = (
				C843B86F24AB11184F6F805F /* [CP] Check Pods Manifest.lock */,
				29A02C13232F3062002A5604 /* Sources */,
				29A02C14232F3062002A5604 /* Frameworks */,
				29A02C15232F3062002A5604 /* Resources */,
			);
			buildRules = (
			);
			dependencies = (
				29A02C19232F3062002A5604 /* PBXTargetDependency */,
			);
			name = screen_threeTests;
			productName = screen_threeTests;
			productReference = 29A02C17232F3062002A5604 /* screen_threeTests.xctest */;
			productType = "com.apple.product-type.bundle.unit-test";
		};
		29A02C21232F3062002A5604 /* screen_threeUITests */ = {
			isa = PBXNativeTarget;
			buildConfigurationList = 29A02C31232F3062002A5604 /* Build configuration list for PBXNativeTarget "screen_threeUITests" */;
			buildPhases = (
				A72ABE03371FA3F55FBCAB9B /* [CP] Check Pods Manifest.lock */,
				29A02C1E232F3062002A5604 /* Sources */,
				29A02C1F232F3062002A5604 /* Frameworks */,
				29A02C20232F3062002A5604 /* Resources */,
			);
			buildRules = (
			);
			dependencies = (
				29A02C24232F3062002A5604 /* PBXTargetDependency */,
			);
			name = screen_threeUITests;
			productName = screen_threeUITests;
			productReference = 29A02C22232F3062002A5604 /* screen_threeUITests.xctest */;
			productType = "com.apple.product-type.bundle.ui-testing";
		};
/* End PBXNativeTarget section */

/* Begin PBXProject section */
		29A02BFB232F3060002A5604 /* Project object */ = {
			isa = PBXProject;
			attributes = {
				LastSwiftUpdateCheck = 1030;
				LastUpgradeCheck = 1030;
				ORGANIZATIONNAME = "Shawn Ng";
				TargetAttributes = {
					29A02C02232F3060002A5604 = {
						CreatedOnToolsVersion = 10.3;
					};
					29A02C16232F3062002A5604 = {
						CreatedOnToolsVersion = 10.3;
						TestTargetID = 29A02C02232F3060002A5604;
					};
					29A02C21232F3062002A5604 = {
						CreatedOnToolsVersion = 10.3;
						TestTargetID = 29A02C02232F3060002A5604;
					};
				};
			};
			buildConfigurationList = 29A02BFE232F3060002A5604 /* Build configuration list for PBXProject "screen_three" */;
			compatibilityVersion = "Xcode 9.3";
			developmentRegion = en;
			hasScannedForEncodings = 0;
			knownRegions = (
				en,
				Base,
			);
			mainGroup = 29A02BFA232F3060002A5604;
			productRefGroup = 29A02C04232F3060002A5604 /* Products */;
			projectDirPath = "";
			projectRoot = "";
			targets = (
				29A02C02232F3060002A5604 /* screen_three */,
				29A02C16232F3062002A5604 /* screen_threeTests */,
				29A02C21232F3062002A5604 /* screen_threeUITests */,
			);
		};
/* End PBXProject section */

/* Begin PBXResourcesBuildPhase section */
		29A02C01232F3060002A5604 /* Resources */ = {
			isa = PBXResourcesBuildPhase;
			buildActionMask = 2147483647;
			files = (
				29A02C11232F3062002A5604 /* LaunchScreen.storyboard in Resources */,
				29A02C0E232F3062002A5604 /* Assets.xcassets in Resources */,
				29A02C0C232F3060002A5604 /* Main.storyboard in Resources */,
			);
			runOnlyForDeploymentPostprocessing = 0;
		};
		29A02C15232F3062002A5604 /* Resources */ = {
			isa = PBXResourcesBuildPhase;
			buildActionMask = 2147483647;
			files = (
			);
			runOnlyForDeploymentPostprocessing = 0;
		};
		29A02C20232F3062002A5604 /* Resources */ = {
			isa = PBXResourcesBuildPhase;
			buildActionMask = 2147483647;
			files = (
			);
			runOnlyForDeploymentPostprocessing = 0;
		};
/* End PBXResourcesBuildPhase section */

/* Begin PBXShellScriptBuildPhase section */
		650545046FB3619D7304AD41 /* [CP] Embed Pods Frameworks */ = {
			isa = PBXShellScriptBuildPhase;
			buildActionMask = 2147483647;
			files = (
			);
			inputFileListPaths = (
				"${PODS_ROOT}/Target Support Files/Pods-screen_three/Pods-screen_three-frameworks-${CONFIGURATION}-input-files.xcfilelist",
			);
			name = "[CP] Embed Pods Frameworks";
			outputFileListPaths = (
				"${PODS_ROOT}/Target Support Files/Pods-screen_three/Pods-screen_three-frameworks-${CONFIGURATION}-output-files.xcfilelist",
			);
			runOnlyForDeploymentPostprocessing = 0;
			shellPath = /bin/sh;
			shellScript = "\"${PODS_ROOT}/Target Support Files/Pods-screen_three/Pods-screen_three-frameworks.sh\"\n";
			showEnvVarsInLog = 0;
		};
		95582438EA836128D384AC38 /* [CP] Check Pods Manifest.lock */ = {
			isa = PBXShellScriptBuildPhase;
			buildActionMask = 2147483647;
			files = (
			);
			inputFileListPaths = (
			);
			inputPaths = (
				"${PODS_PODFILE_DIR_PATH}/Podfile.lock",
				"${PODS_ROOT}/Manifest.lock",
			);
			name = "[CP] Check Pods Manifest.lock";
			outputFileListPaths = (
			);
			outputPaths = (
				"$(DERIVED_FILE_DIR)/Pods-screen_three-checkManifestLockResult.txt",
			);
			runOnlyForDeploymentPostprocessing = 0;
			shellPath = /bin/sh;
			shellScript = "diff \"${PODS_PODFILE_DIR_PATH}/Podfile.lock\" \"${PODS_ROOT}/Manifest.lock\" > /dev/null\nif [ $? != 0 ] ; then\n    # print error to STDERR\n    echo \"error: The sandbox is not in sync with the Podfile.lock. Run 'pod install' or update your CocoaPods installation.\" >&2\n    exit 1\nfi\n# This output is used by Xcode 'outputs' to avoid re-running this script phase.\necho \"SUCCESS\" > \"${SCRIPT_OUTPUT_FILE_0}\"\n";
			showEnvVarsInLog = 0;
		};
		A72ABE03371FA3F55FBCAB9B /* [CP] Check Pods Manifest.lock */ = {
			isa = PBXShellScriptBuildPhase;
			buildActionMask = 2147483647;
			files = (
			);
			inputFileListPaths = (
			);
			inputPaths = (
				"${PODS_PODFILE_DIR_PATH}/Podfile.lock",
				"${PODS_ROOT}/Manifest.lock",
			);
			name = "[CP] Check Pods Manifest.lock";
			outputFileListPaths = (
			);
			outputPaths = (
				"$(DERIVED_FILE_DIR)/Pods-screen_threeUITests-checkManifestLockResult.txt",
			);
			runOnlyForDeploymentPostprocessing = 0;
			shellPath = /bin/sh;
			shellScript = "diff \"${PODS_PODFILE_DIR_PATH}/Podfile.lock\" \"${PODS_ROOT}/Manifest.lock\" > /dev/null\nif [ $? != 0 ] ; then\n    # print error to STDERR\n    echo \"error: The sandbox is not in sync with the Podfile.lock. Run 'pod install' or update your CocoaPods installation.\" >&2\n    exit 1\nfi\n# This output is used by Xcode 'outputs' to avoid re-running this script phase.\necho \"SUCCESS\" > \"${SCRIPT_OUTPUT_FILE_0}\"\n";
			showEnvVarsInLog = 0;
		};
		C843B86F24AB11184F6F805F /* [CP] Check Pods Manifest.lock */ = {
			isa = PBXShellScriptBuildPhase;
			buildActionMask = 2147483647;
			files = (
			);
			inputFileListPaths = (
			);
			inputPaths = (
				"${PODS_PODFILE_DIR_PATH}/Podfile.lock",
				"${PODS_ROOT}/Manifest.lock",
			);
			name = "[CP] Check Pods Manifest.lock";
			outputFileListPaths = (
			);
			outputPaths = (
				"$(DERIVED_FILE_DIR)/Pods-screen_threeTests-checkManifestLockResult.txt",
			);
			runOnlyForDeploymentPostprocessing = 0;
			shellPath = /bin/sh;
			shellScript = "diff \"${PODS_PODFILE_DIR_PATH}/Podfile.lock\" \"${PODS_ROOT}/Manifest.lock\" > /dev/null\nif [ $? != 0 ] ; then\n    # print error to STDERR\n    echo \"error: The sandbox is not in sync with the Podfile.lock. Run 'pod install' or update your CocoaPods installation.\" >&2\n    exit 1\nfi\n# This output is used by Xcode 'outputs' to avoid re-running this script phase.\necho \"SUCCESS\" > \"${SCRIPT_OUTPUT_FILE_0}\"\n";
			showEnvVarsInLog = 0;
		};
/* End PBXShellScriptBuildPhase section */

/* Begin PBXSourcesBuildPhase section */
		29A02BFF232F3060002A5604 /* Sources */ = {
			isa = PBXSourcesBuildPhase;
			buildActionMask = 2147483647;
			files = (
				2915B8C523546D25003C91A1 /* SideMenuViewController.swift in Sources */,
				29B49B6923346FDC00AACEFC /* MLViewController.swift in Sources */,
				29FDF2ED233B01870054D359 /* Spark.swift in Sources */,
				29A02C39232F3BDA002A5604 /* ChartTableViewCell.swift in Sources */,
				29A02C3B232F6170002A5604 /* Signal.swift in Sources */,
				29A02C37232F3A86002A5604 /* ChartTableViewController.swift in Sources */,
				2936BA37233B089E00879AB4 /* PieChartViewController.swift in Sources */,
				29A02C07232F3060002A5604 /* AppDelegate.swift in Sources */,
			);
			runOnlyForDeploymentPostprocessing = 0;
		};
		29A02C13232F3062002A5604 /* Sources */ = {
			isa = PBXSourcesBuildPhase;
			buildActionMask = 2147483647;
			files = (
				29A02C1C232F3062002A5604 /* screen_threeTests.swift in Sources */,
			);
			runOnlyForDeploymentPostprocessing = 0;
		};
		29A02C1E232F3062002A5604 /* Sources */ = {
			isa = PBXSourcesBuildPhase;
			buildActionMask = 2147483647;
			files = (
				29A02C27232F3062002A5604 /* screen_threeUITests.swift in Sources */,
			);
			runOnlyForDeploymentPostprocessing = 0;
		};
/* End PBXSourcesBuildPhase section */

/* Begin PBXTargetDependency section */
		29A02C19232F3062002A5604 /* PBXTargetDependency */ = {
			isa = PBXTargetDependency;
			target = 29A02C02232F3060002A5604 /* screen_three */;
			targetProxy = 29A02C18232F3062002A5604 /* PBXContainerItemProxy */;
		};
		29A02C24232F3062002A5604 /* PBXTargetDependency */ = {
			isa = PBXTargetDependency;
			target = 29A02C02232F3060002A5604 /* screen_three */;
			targetProxy = 29A02C23232F3062002A5604 /* PBXContainerItemProxy */;
		};
/* End PBXTargetDependency section */

/* Begin PBXVariantGroup section */
		29A02C0A232F3060002A5604 /* Main.storyboard */ = {
			isa = PBXVariantGroup;
			children = (
				29A02C0B232F3060002A5604 /* Base */,
			);
			name = Main.storyboard;
			sourceTree = "<group>";
		};
		29A02C0F232F3062002A5604 /* LaunchScreen.storyboard */ = {
			isa = PBXVariantGroup;
			children = (
				29A02C10232F3062002A5604 /* Base */,
			);
			name = LaunchScreen.storyboard;
			sourceTree = "<group>";
		};
/* End PBXVariantGroup section */

/* Begin XCBuildConfiguration section */
		29A02C29232F3062002A5604 /* Debug */ = {
			isa = XCBuildConfiguration;
			buildSettings = {
				ALWAYS_SEARCH_USER_PATHS = NO;
				CLANG_ANALYZER_NONNULL = YES;
				CLANG_ANALYZER_NUMBER_OBJECT_CONVERSION = YES_AGGRESSIVE;
				CLANG_CXX_LANGUAGE_STANDARD = "gnu++14";
				CLANG_CXX_LIBRARY = "libc++";
				CLANG_ENABLE_MODULES = YES;
				CLANG_ENABLE_OBJC_ARC = YES;
				CLANG_ENABLE_OBJC_WEAK = YES;
				CLANG_WARN_BLOCK_CAPTURE_AUTORELEASING = YES;
				CLANG_WARN_BOOL_CONVERSION = YES;
				CLANG_WARN_COMMA = YES;
				CLANG_WARN_CONSTANT_CONVERSION = YES;
				CLANG_WARN_DEPRECATED_OBJC_IMPLEMENTATIONS = YES;
				CLANG_WARN_DIRECT_OBJC_ISA_USAGE = YES_ERROR;
				CLANG_WARN_DOCUMENTATION_COMMENTS = YES;
				CLANG_WARN_EMPTY_BODY = YES;
				CLANG_WARN_ENUM_CONVERSION = YES;
				CLANG_WARN_INFINITE_RECURSION = YES;
				CLANG_WARN_INT_CONVERSION = YES;
				CLANG_WARN_NON_LITERAL_NULL_CONVERSION = YES;
				CLANG_WARN_OBJC_IMPLICIT_RETAIN_SELF = YES;
				CLANG_WARN_OBJC_LITERAL_CONVERSION = YES;
				CLANG_WARN_OBJC_ROOT_CLASS = YES_ERROR;
				CLANG_WARN_RANGE_LOOP_ANALYSIS = YES;
				CLANG_WARN_STRICT_PROTOTYPES = YES;
				CLANG_WARN_SUSPICIOUS_MOVE = YES;
				CLANG_WARN_UNGUARDED_AVAILABILITY = YES_AGGRESSIVE;
				CLANG_WARN_UNREACHABLE_CODE = YES;
				CLANG_WARN__DUPLICATE_METHOD_MATCH = YES;
				CODE_SIGN_IDENTITY = "iPhone Developer";
				COPY_PHASE_STRIP = NO;
				DEBUG_INFORMATION_FORMAT = dwarf;
				ENABLE_STRICT_OBJC_MSGSEND = YES;
				ENABLE_TESTABILITY = YES;
				GCC_C_LANGUAGE_STANDARD = gnu11;
				GCC_DYNAMIC_NO_PIC = NO;
				GCC_NO_COMMON_BLOCKS = YES;
				GCC_OPTIMIZATION_LEVEL = 0;
				GCC_PREPROCESSOR_DEFINITIONS = (
					"DEBUG=1",
					"$(inherited)",
				);
				GCC_WARN_64_TO_32_BIT_CONVERSION = YES;
				GCC_WARN_ABOUT_RETURN_TYPE = YES_ERROR;
				GCC_WARN_UNDECLARED_SELECTOR = YES;
				GCC_WARN_UNINITIALIZED_AUTOS = YES_AGGRESSIVE;
				GCC_WARN_UNUSED_FUNCTION = YES;
				GCC_WARN_UNUSED_VARIABLE = YES;
				IPHONEOS_DEPLOYMENT_TARGET = 12.4;
				MTL_ENABLE_DEBUG_INFO = INCLUDE_SOURCE;
				MTL_FAST_MATH = YES;
				ONLY_ACTIVE_ARCH = YES;
				SDKROOT = iphoneos;
				SWIFT_ACTIVE_COMPILATION_CONDITIONS = DEBUG;
				SWIFT_OPTIMIZATION_LEVEL = "-Onone";
			};
			name = Debug;
		};
		29A02C2A232F3062002A5604 /* Release */ = {
			isa = XCBuildConfiguration;
			buildSettings = {
				ALWAYS_SEARCH_USER_PATHS = NO;
				CLANG_ANALYZER_NONNULL = YES;
				CLANG_ANALYZER_NUMBER_OBJECT_CONVERSION = YES_AGGRESSIVE;
				CLANG_CXX_LANGUAGE_STANDARD = "gnu++14";
				CLANG_CXX_LIBRARY = "libc++";
				CLANG_ENABLE_MODULES = YES;
				CLANG_ENABLE_OBJC_ARC = YES;
				CLANG_ENABLE_OBJC_WEAK = YES;
				CLANG_WARN_BLOCK_CAPTURE_AUTORELEASING = YES;
				CLANG_WARN_BOOL_CONVERSION = YES;
				CLANG_WARN_COMMA = YES;
				CLANG_WARN_CONSTANT_CONVERSION = YES;
				CLANG_WARN_DEPRECATED_OBJC_IMPLEMENTATIONS = YES;
				CLANG_WARN_DIRECT_OBJC_ISA_USAGE = YES_ERROR;
				CLANG_WARN_DOCUMENTATION_COMMENTS = YES;
				CLANG_WARN_EMPTY_BODY = YES;
				CLANG_WARN_ENUM_CONVERSION = YES;
				CLANG_WARN_INFINITE_RECURSION = YES;
				CLANG_WARN_INT_CONVERSION = YES;
				CLANG_WARN_NON_LITERAL_NULL_CONVERSION = YES;
				CLANG_WARN_OBJC_IMPLICIT_RETAIN_SELF = YES;
				CLANG_WARN_OBJC_LITERAL_CONVERSION = YES;
				CLANG_WARN_OBJC_ROOT_CLASS = YES_ERROR;
				CLANG_WARN_RANGE_LOOP_ANALYSIS = YES;
				CLANG_WARN_STRICT_PROTOTYPES = YES;
				CLANG_WARN_SUSPICIOUS_MOVE = YES;
				CLANG_WARN_UNGUARDED_AVAILABILITY = YES_AGGRESSIVE;
				CLANG_WARN_UNREACHABLE_CODE = YES;
				CLANG_WARN__DUPLICATE_METHOD_MATCH = YES;
				CODE_SIGN_IDENTITY = "iPhone Developer";
				COPY_PHASE_STRIP = NO;
				DEBUG_INFORMATION_FORMAT = "dwarf-with-dsym";
				ENABLE_NS_ASSERTIONS = NO;
				ENABLE_STRICT_OBJC_MSGSEND = YES;
				GCC_C_LANGUAGE_STANDARD = gnu11;
				GCC_NO_COMMON_BLOCKS = YES;
				GCC_WARN_64_TO_32_BIT_CONVERSION = YES;
				GCC_WARN_ABOUT_RETURN_TYPE = YES_ERROR;
				GCC_WARN_UNDECLARED_SELECTOR = YES;
				GCC_WARN_UNINITIALIZED_AUTOS = YES_AGGRESSIVE;
				GCC_WARN_UNUSED_FUNCTION = YES;
				GCC_WARN_UNUSED_VARIABLE = YES;
				IPHONEOS_DEPLOYMENT_TARGET = 12.4;
				MTL_ENABLE_DEBUG_INFO = NO;
				MTL_FAST_MATH = YES;
				SDKROOT = iphoneos;
				SWIFT_COMPILATION_MODE = wholemodule;
				SWIFT_OPTIMIZATION_LEVEL = "-O";
				VALIDATE_PRODUCT = YES;
			};
			name = Release;
		};
		29A02C2C232F3062002A5604 /* Debug */ = {
			isa = XCBuildConfiguration;
			baseConfigurationReference = 325DBF8A8D82E5DA1E4179A0 /* Pods-screen_three.debug.xcconfig */;
			buildSettings = {
				ASSETCATALOG_COMPILER_APPICON_NAME = AppIcon;
				CODE_SIGN_STYLE = Automatic;
				DEVELOPMENT_TEAM = 5XUSZ589PA;
				INFOPLIST_FILE = screen_three/Info.plist;
				LD_RUNPATH_SEARCH_PATHS = (
					"$(inherited)",
					"@executable_path/Frameworks",
				);
				PRODUCT_BUNDLE_IDENTIFIER = "com.example.screen-three";
				PRODUCT_NAME = "$(TARGET_NAME)";
				SWIFT_VERSION = 5.0;
				TARGETED_DEVICE_FAMILY = "1,2";
			};
			name = Debug;
		};
		29A02C2D232F3062002A5604 /* Release */ = {
			isa = XCBuildConfiguration;
			baseConfigurationReference = 00B3D4781D8B02E7DEB95BF6 /* Pods-screen_three.release.xcconfig */;
			buildSettings = {
				ASSETCATALOG_COMPILER_APPICON_NAME = AppIcon;
				CODE_SIGN_STYLE = Automatic;
				DEVELOPMENT_TEAM = 5XUSZ589PA;
				INFOPLIST_FILE = screen_three/Info.plist;
				LD_RUNPATH_SEARCH_PATHS = (
					"$(inherited)",
					"@executable_path/Frameworks",
				);
				PRODUCT_BUNDLE_IDENTIFIER = "com.example.screen-three";
				PRODUCT_NAME = "$(TARGET_NAME)";
				SWIFT_VERSION = 5.0;
				TARGETED_DEVICE_FAMILY = "1,2";
			};
			name = Release;
		};
		29A02C2F232F3062002A5604 /* Debug */ = {
			isa = XCBuildConfiguration;
			baseConfigurationReference = 37F765ED8A620186C5A7A35E /* Pods-screen_threeTests.debug.xcconfig */;
			buildSettings = {
				ALWAYS_EMBED_SWIFT_STANDARD_LIBRARIES = YES;
				BUNDLE_LOADER = "$(TEST_HOST)";
				CODE_SIGN_STYLE = Automatic;
				INFOPLIST_FILE = screen_threeTests/Info.plist;
				LD_RUNPATH_SEARCH_PATHS = (
					"$(inherited)",
					"@executable_path/Frameworks",
					"@loader_path/Frameworks",
				);
				PRODUCT_BUNDLE_IDENTIFIER = "com.example.screen-threeTests";
				PRODUCT_NAME = "$(TARGET_NAME)";
				SWIFT_VERSION = 5.0;
				TARGETED_DEVICE_FAMILY = "1,2";
				TEST_HOST = "$(BUILT_PRODUCTS_DIR)/screen_three.app/screen_three";
			};
			name = Debug;
		};
		29A02C30232F3062002A5604 /* Release */ = {
			isa = XCBuildConfiguration;
			baseConfigurationReference = B52054E766655DF0804DA0B5 /* Pods-screen_threeTests.release.xcconfig */;
			buildSettings = {
				ALWAYS_EMBED_SWIFT_STANDARD_LIBRARIES = YES;
				BUNDLE_LOADER = "$(TEST_HOST)";
				CODE_SIGN_STYLE = Automatic;
				INFOPLIST_FILE = screen_threeTests/Info.plist;
				LD_RUNPATH_SEARCH_PATHS = (
					"$(inherited)",
					"@executable_path/Frameworks",
					"@loader_path/Frameworks",
				);
				PRODUCT_BUNDLE_IDENTIFIER = "com.example.screen-threeTests";
				PRODUCT_NAME = "$(TARGET_NAME)";
				SWIFT_VERSION = 5.0;
				TARGETED_DEVICE_FAMILY = "1,2";
				TEST_HOST = "$(BUILT_PRODUCTS_DIR)/screen_three.app/screen_three";
			};
			name = Release;
		};
		29A02C32232F3062002A5604 /* Debug */ = {
			isa = XCBuildConfiguration;
			baseConfigurationReference = 80A829E635B7DBC0E3B5C603 /* Pods-screen_threeUITests.debug.xcconfig */;
			buildSettings = {
				ALWAYS_EMBED_SWIFT_STANDARD_LIBRARIES = YES;
				CODE_SIGN_STYLE = Automatic;
				INFOPLIST_FILE = screen_threeUITests/Info.plist;
				LD_RUNPATH_SEARCH_PATHS = (
					"$(inherited)",
					"@executable_path/Frameworks",
					"@loader_path/Frameworks",
				);
				PRODUCT_BUNDLE_IDENTIFIER = "com.example.screen-threeUITests";
				PRODUCT_NAME = "$(TARGET_NAME)";
				SWIFT_VERSION = 5.0;
				TARGETED_DEVICE_FAMILY = "1,2";
				TEST_TARGET_NAME = screen_three;
			};
			name = Debug;
		};
		29A02C33232F3062002A5604 /* Release */ = {
			isa = XCBuildConfiguration;
			baseConfigurationReference = 41690B643402969CA08DC450 /* Pods-screen_threeUITests.release.xcconfig */;
			buildSettings = {
				ALWAYS_EMBED_SWIFT_STANDARD_LIBRARIES = YES;
				CODE_SIGN_STYLE = Automatic;
				INFOPLIST_FILE = screen_threeUITests/Info.plist;
				LD_RUNPATH_SEARCH_PATHS = (
					"$(inherited)",
					"@executable_path/Frameworks",
					"@loader_path/Frameworks",
				);
				PRODUCT_BUNDLE_IDENTIFIER = "com.example.screen-threeUITests";
				PRODUCT_NAME = "$(TARGET_NAME)";
				SWIFT_VERSION = 5.0;
				TARGETED_DEVICE_FAMILY = "1,2";
				TEST_TARGET_NAME = screen_three;
			};
			name = Release;
		};
/* End XCBuildConfiguration section */

/* Begin XCConfigurationList section */
		29A02BFE232F3060002A5604 /* Build configuration list for PBXProject "screen_three" */ = {
			isa = XCConfigurationList;
			buildConfigurations = (
				29A02C29232F3062002A5604 /* Debug */,
				29A02C2A232F3062002A5604 /* Release */,
			);
			defaultConfigurationIsVisible = 0;
			defaultConfigurationName = Release;
		};
		29A02C2B232F3062002A5604 /* Build configuration list for PBXNativeTarget "screen_three" */ = {
			isa = XCConfigurationList;
			buildConfigurations = (
				29A02C2C232F3062002A5604 /* Debug */,
				29A02C2D232F3062002A5604 /* Release */,
			);
			defaultConfigurationIsVisible = 0;
			defaultConfigurationName = Release;
		};
		29A02C2E232F3062002A5604 /* Build configuration list for PBXNativeTarget "screen_threeTests" */ = {
			isa = XCConfigurationList;
			buildConfigurations = (
				29A02C2F232F3062002A5604 /* Debug */,
				29A02C30232F3062002A5604 /* Release */,
			);
			defaultConfigurationIsVisible = 0;
			defaultConfigurationName = Release;
		};
		29A02C31232F3062002A5604 /* Build configuration list for PBXNativeTarget "screen_threeUITests" */ = {
			isa = XCConfigurationList;
			buildConfigurations = (
				29A02C32232F3062002A5604 /* Debug */,
				29A02C33232F3062002A5604 /* Release */,
			);
			defaultConfigurationIsVisible = 0;
			defaultConfigurationName = Release;
		};
/* End XCConfigurationList section */
	};
	rootObject = 29A02BFB232F3060002A5604 /* Project object */;
}
